
Microsoft Visual Studio Solution File, Format Version 12.00
# Visual Studio Version 16
VisualStudioVersion = 16.0.31321.278
MinimumVisualStudioVersion = 10.0.40219.1
Project("{FAE04EC0-301F-11D3-BF4B-00C04F79EFBC}") = "Inheritance_WPF", "Inheritance_WPF.csproj", "{DE467FF3-3C6F-4890-AD6A-B73944324A9A}"
EndProject
Global
	GlobalSection(SolutionConfigurationPlatforms) = preSolution
		Debug|Any CPU = Debug|Any CPU
		Release|Any CPU = Release|Any CPU
	EndGlobalSection
	GlobalSection(ProjectConfigurationPlatforms) = postSolution
		{DE467FF3-3C6F-4890-AD6A-B73944324A9A}.Debug|Any CPU.ActiveCfg = Debug|Any CPU
		{DE467FF3-3C6F-4890-AD6A-B73944324A9A}.Debug|Any CPU.Build.0 = Debug|Any CPU
		{DE467FF3-3C6F-4890-AD6A-B73944324A9A}.Release|Any CPU.ActiveCfg = Release|Any CPU
		{DE467FF3-3C6F-4890-AD6A-B73944324A9A}.Release|Any CPU.Build.0 = Release|Any CPU
	EndGlobalSection
	GlobalSection(SolutionProperties) = preSolution
		HideSolutionNode = FALSE
	EndGlobalSection
	GlobalSection(ExtensibilityGlobals) = postSolution
		SolutionGuid = {61402E42-E71D-4DAC-9BF8-81BFF98EE723}
	EndGlobalSection
EndGlobal
